PODS:
  - AFNetworking (3.1.0):
    - AFNetworking/NSURLSession (= 3.1.0)
    - AFNetworking/Reachability (= 3.1.0)
    - AFNetworking/Security (= 3.1.0)
    - AFNetworking/Serialization (= 3.1.0)
    - AFNetworking/UIKit (= 3.1.0)
  - AFNetworking/NSURLSession (3.1.0):
    - AFNetworking/Reachability
    - AFNetworking/Security
    - AFNetworking/Serialization
  - AFNetworking/Reachability (3.1.0)
  - AFNetworking/Security (3.1.0)
  - AFNetworking/Serialization (3.1.0)
  - AFNetworking/UIKit (3.1.0):
    - AFNetworking/NSURLSession
  - BaiduMapKit (3.4.2)
  - Bugly (2.5.0)
  - IQKeyboardManager (4.0.13)
  - MJExtension (3.0.13)
  - SDWebImage (4.0.0):
    - SDWebImage/Core (= 4.0.0)
  - SDWebImage/Core (4.0.0)
  - SGQRCode (2.1.9)
  - SVProgressHUD (2.0.4)
  - WechatOpenSDK (1.7.9)

DEPENDENCIES:
  - AFNetworking (~> 3.1.0)
  - BaiduMapKit (~> 3.4.2)
  - Bugly (~> 2.5.0)
  - IQKeyboardManager (~> 4.0.8)
  - MJExtension (~> 3.0.13)
  - SDWebImage (~> 4.0.0)
  - SGQRCode (~> 2.1.8)
  - SVProgressHUD (~> 2.0.4)
  - WechatOpenSDK (~> 1.7.7)

SPEC CHECKSUMS:
  AFNetworking: 5e0e199f73d8626b11e79750991f5d173d1f8b67
  BaiduMapKit: f61b19ecf07a3f2deede72b221b366bf698739ed
  Bugly: 3ca9f255c01025582df26f9222893b383c7e4b4e
  IQKeyboardManager: 8eab4d8111418414619d1df8e4779ce5d0f8d7e2
  MJExtension: 5932755f451458eefa24239358817f8d291240c7
  SDWebImage: 76a6348bdc74eb5a55dd08a091ef298e56b55e41
  SGQRCode: b13f93b5c0f16f840beff8009e0c129a5f3d4d8f
  SVProgressHUD: bfde85ed6c573ea802b9cb37894ed9b629034f1b
  WechatOpenSDK: 1fe7e3b07db860d6a936c3ff4a5aba6b890958d9

PODFILE CHECKSUM: d2e2a101dc8f16aab5f93acb722ff1126dff1d4e

COCOAPODS: 1.4.0
